{
  "name": "datediff",
  "version": "1.0.0",
  "lockfileVersion": 2,
  "requires": true,
  "packages": {
    "": {
      "name": "datediff",
      "version": "1.0.0",
      "license": "ISC",
      "dependencies": {
        "howler": "^2.2.3",
        "luxon": "^3.0.3"
      }
    },
    "node_modules/howler": {
      "version": "2.2.3",
      "resolved": "https://registry.npmjs.org/howler/-/howler-2.2.3.tgz",
      "integrity": "sha512-QM0FFkw0LRX1PR8pNzJVAY25JhIWvbKMBFM4gqk+QdV+kPXOhleWGCB6AiAF/goGjIHK2e/nIElplvjQwhr0jg=="
    },
    "node_modules/luxon": {
      "version": "3.0.3",
      "resolved": "https://registry.npmjs.org/luxon/-/luxon-3.0.3.tgz",
      "integrity": "sha512-+EfHWnF+UT7GgTnq5zXg3ldnTKL2zdv7QJgsU5bjjpbH17E3qi/puMhQyJVYuCq+FRkogvB5WB6iVvUr+E4a7w==",
      "engines": {
        "node": ">=12"
      }
    }
  },
  "dependencies": {
    "howler": {
      "version": "2.2.3",
      "resolved": "https://registry.npmjs.org/howler/-/howler-2.2.3.tgz",
      "integrity": "sha512-QM0FFkw0LRX1PR8pNzJVAY25JhIWvbKMBFM4gqk+QdV+kPXOhleWGCB6AiAF/goGjIHK2e/nIElplvjQwhr0jg=="
    },
    "luxon": {
      "version": "3.0.3",
      "resolved": "https://registry.npmjs.org/luxon/-/luxon-3.0.3.tgz",
      "integrity": "sha512-+EfHWnF+UT7GgTnq5zXg3ldnTKL2zdv7QJgsU5bjjpbH17E3qi/puMhQyJVYuCq+FRkogvB5WB6iVvUr+E4a7w=="
    }
  }
}
